
Microsoft Visual Studio Solution File, Format Version 12.00
# Visual Studio 2013
VisualStudioVersion = 12.0.31101.0
MinimumVisualStudioVersion = 10.0.40219.1
Project("{FAE04EC0-301F-11D3-BF4B-00C04F79EFBC}") = "Nibs.Core", "Nibs.Core\Nibs.Core.csproj", "{00A53582-E466-4601-A318-92D8D9FD39F2}"
EndProject
Project("{FAE04EC0-301F-11D3-BF4B-00C04F79EFBC}") = "Nibs.Common", "Nibs.Common\Nibs.Common.csproj", "{88D9A057-145C-4A9D-894A-8A7BDABEB47A}"
EndProject
Project("{FAE04EC0-301F-11D3-BF4B-00C04F79EFBC}") = "Nibs.Console", "Nibs.Console\Nibs.Console.csproj", "{FAB0798B-60A4-4F04-8D7F-F8D49761EFEC}"
EndProject
Global
	GlobalSection(SolutionConfigurationPlatforms) = preSolution
		Debug|Any CPU = Debug|Any CPU
		Release|Any CPU = Release|Any CPU
	EndGlobalSection
	GlobalSection(ProjectConfigurationPlatforms) = postSolution
		{00A53582-E466-4601-A318-92D8D9FD39F2}.Debug|Any CPU.ActiveCfg = Debug|Any CPU
		{00A53582-E466-4601-A318-92D8D9FD39F2}.Debug|Any CPU.Build.0 = Debug|Any CPU
		{00A53582-E466-4601-A318-92D8D9FD39F2}.Release|Any CPU.ActiveCfg = Release|Any CPU
		{00A53582-E466-4601-A318-92D8D9FD39F2}.Release|Any CPU.Build.0 = Release|Any CPU
		{88D9A057-145C-4A9D-894A-8A7BDABEB47A}.Debug|Any CPU.ActiveCfg = Debug|Any CPU
		{88D9A057-145C-4A9D-894A-8A7BDABEB47A}.Debug|Any CPU.Build.0 = Debug|Any CPU
		{88D9A057-145C-4A9D-894A-8A7BDABEB47A}.Release|Any CPU.ActiveCfg = Release|Any CPU
		{88D9A057-145C-4A9D-894A-8A7BDABEB47A}.Release|Any CPU.Build.0 = Release|Any CPU
		{FAB0798B-60A4-4F04-8D7F-F8D49761EFEC}.Debug|Any CPU.ActiveCfg = Debug|Any CPU
		{FAB0798B-60A4-4F04-8D7F-F8D49761EFEC}.Debug|Any CPU.Build.0 = Debug|Any CPU
		{FAB0798B-60A4-4F04-8D7F-F8D49761EFEC}.Release|Any CPU.ActiveCfg = Release|Any CPU
		{FAB0798B-60A4-4F04-8D7F-F8D49761EFEC}.Release|Any CPU.Build.0 = Release|Any CPU
	EndGlobalSection
	GlobalSection(SolutionProperties) = preSolution
		HideSolutionNode = FALSE
	EndGlobalSection
EndGlobal
